
Microsoft Visual Studio Solution File, Format Version 12.00
# Visual Studio Version 17
VisualStudioVersion = 17.11.35208.52
MinimumVisualStudioVersion = 10.0.40219.1
Project("{00D1A9C2-B5F0-4AF3-8072-F6C62B433612}") = "week 12 lab", "week 12 lab.sqlproj", "{21863963-96D8-4BA0-87ED-172FDA992472}"
EndProject
Global
	GlobalSection(SolutionConfigurationPlatforms) = preSolution
		Debug|Any CPU = Debug|Any CPU
		Release|Any CPU = Release|Any CPU
	EndGlobalSection
	GlobalSection(ProjectConfigurationPlatforms) = postSolution
		{21863963-96D8-4BA0-87ED-172FDA992472}.Debug|Any CPU.ActiveCfg = Debug|Any CPU
		{21863963-96D8-4BA0-87ED-172FDA992472}.Debug|Any CPU.Build.0 = Debug|Any CPU
		{21863963-96D8-4BA0-87ED-172FDA992472}.Debug|Any CPU.Deploy.0 = Debug|Any CPU
		{21863963-96D8-4BA0-87ED-172FDA992472}.Release|Any CPU.ActiveCfg = Release|Any CPU
		{21863963-96D8-4BA0-87ED-172FDA992472}.Release|Any CPU.Build.0 = Release|Any CPU
		{21863963-96D8-4BA0-87ED-172FDA992472}.Release|Any CPU.Deploy.0 = Release|Any CPU
	EndGlobalSection
	GlobalSection(SolutionProperties) = preSolution
		HideSolutionNode = FALSE
	EndGlobalSection
	GlobalSection(ExtensibilityGlobals) = postSolution
		SolutionGuid = {ACCF7F64-3189-4C3B-BA34-42C739691800}
	EndGlobalSection
EndGlobal
